
Microsoft Visual Studio Solution File, Format Version 12.00
# Visual Studio Version 17
VisualStudioVersion = 17.4.33103.184
MinimumVisualStudioVersion = 10.0.40219.1
Project("{9A19103F-16F7-4668-BE54-9A1E7A4F7556}") = "HCL-ODA-TestPAD_x32", "HCL-ODA-TestPAD_x32.csproj", "{DDFF74C7-80A3-464F-BB10-D4EDDDE299FB}"
EndProject
Global
	GlobalSection(SolutionConfigurationPlatforms) = preSolution
		Debug|Any CPU = Debug|Any CPU
		Release|Any CPU = Release|Any CPU
	EndGlobalSection
	GlobalSection(ProjectConfigurationPlatforms) = postSolution
		{DDFF74C7-80A3-464F-BB10-D4EDDDE299FB}.Debug|Any CPU.ActiveCfg = Debug|Any CPU
		{DDFF74C7-80A3-464F-BB10-D4EDDDE299FB}.Debug|Any CPU.Build.0 = Debug|Any CPU
		{DDFF74C7-80A3-464F-BB10-D4EDDDE299FB}.Release|Any CPU.ActiveCfg = Release|Any CPU
		{DDFF74C7-80A3-464F-BB10-D4EDDDE299FB}.Release|Any CPU.Build.0 = Release|Any CPU
	EndGlobalSection
	GlobalSection(SolutionProperties) = preSolution
		HideSolutionNode = FALSE
	EndGlobalSection
	GlobalSection(ExtensibilityGlobals) = postSolution
		SolutionGuid = {433CA2BC-6027-43D4-BB82-CC8E7EB8F7B0}
	EndGlobalSection
EndGlobal
